// !$*UTF8*$!
{
	archiveVersion = 1;
	classes = {
	};
	objectVersion = 52;
	objects = {

/* Begin PBXBuildFile section */
		532DF3BC233A555600AA14E8 /* SDWebImage in Frameworks */ = {isa = PBXBuildFile; productRef = 532DF3BB233A555600AA14E8 /* SDWebImage */; };
		532DF3BE233A555600AA14E8 /* SDWebImageMapKit in Frameworks */ = {isa = PBXBuildFile; productRef = 532DF3BD233A555600AA14E8 /* SDWebImageMapKit */; };
		532DF3C0233A71D900AA14E8 /* ComposeImageCell.swift in Sources */ = {isa = PBXBuildFile; fileRef = 532DF3BF233A71D900AA14E8 /* ComposeImageCell.swift */; };
		53449D3123293E3600A470E2 /* AppDelegate.swift in Sources */ = {isa = PBXBuildFile; fileRef = 53449D3023293E3600A470E2 /* AppDelegate.swift */; };
		53449D3323293E3600A470E2 /* SceneDelegate.swift in Sources */ = {isa = PBXBuildFile; fileRef = 53449D3223293E3600A470E2 /* SceneDelegate.swift */; };
		53449D3523293E3600A470E2 /* ViewController.swift in Sources */ = {isa = PBXBuildFile; fileRef = 53449D3423293E3600A470E2 /* ViewController.swift */; };
		53449D3823293E3600A470E2 /* Main.storyboard in Resources */ = {isa = PBXBuildFile; fileRef = 53449D3623293E3600A470E2 /* Main.storyboard */; };
		53449D3A23293E3700A470E2 /* Assets.xcassets in Resources */ = {isa = PBXBuildFile; fileRef = 53449D3923293E3700A470E2 /* Assets.xcassets */; };
		53449D3D23293E3700A470E2 /* LaunchScreen.storyboard in Resources */ = {isa = PBXBuildFile; fileRef = 53449D3B23293E3700A470E2 /* LaunchScreen.storyboard */; };
		53449D4523293EF900A470E2 /* FirstViewController.swift in Sources */ = {isa = PBXBuildFile; fileRef = 53449D4423293EF900A470E2 /* FirstViewController.swift */; };
		53449D4723293F1C00A470E2 /* SecondViewController.swift in Sources */ = {isa = PBXBuildFile; fileRef = 53449D4623293F1C00A470E2 /* SecondViewController.swift */; };
		53449D4923293F2F00A470E2 /* FourthViewController.swift in Sources */ = {isa = PBXBuildFile; fileRef = 53449D4823293F2F00A470E2 /* FourthViewController.swift */; };
		53449D4B23293F4100A470E2 /* FifthViewController.swift in Sources */ = {isa = PBXBuildFile; fileRef = 53449D4A23293F4100A470E2 /* FifthViewController.swift */; };
		53449D9823294C1000A470E2 /* PaginationItem.swift in Sources */ = {isa = PBXBuildFile; fileRef = 53449D4F23294C0F00A470E2 /* PaginationItem.swift */; };
		53449D9923294C1000A470E2 /* ClientType.swift in Sources */ = {isa = PBXBuildFile; fileRef = 53449D5023294C0F00A470E2 /* ClientType.swift */; };
		53449D9A23294C1000A470E2 /* Parameter.swift in Sources */ = {isa = PBXBuildFile; fileRef = 53449D5123294C0F00A470E2 /* Parameter.swift */; };
		53449D9B23294C1000A470E2 /* Functions.swift in Sources */ = {isa = PBXBuildFile; fileRef = 53449D5223294C0F00A470E2 /* Functions.swift */; };
		53449D9C23294C1000A470E2 /* Result.swift in Sources */ = {isa = PBXBuildFile; fileRef = 53449D5323294C0F00A470E2 /* Result.swift */; };
		53449D9D23294C1000A470E2 /* URLComponents.swift in Sources */ = {isa = PBXBuildFile; fileRef = 53449D5523294C0F00A470E2 /* URLComponents.swift */; };
		53449D9E23294C1000A470E2 /* CharacterSet.swift in Sources */ = {isa = PBXBuildFile; fileRef = 53449D5623294C0F00A470E2 /* CharacterSet.swift */; };
		53449D9F23294C1000A470E2 /* URLRequest.swift in Sources */ = {isa = PBXBuildFile; fileRef = 53449D5723294C0F00A470E2 /* URLRequest.swift */; };
		53449DA023294C1000A470E2 /* Data.swift in Sources */ = {isa = PBXBuildFile; fileRef = 53449D5823294C0F00A470E2 /* Data.swift */; };
		53449DA123294C1000A470E2 /* Decodable.swift in Sources */ = {isa = PBXBuildFile; fileRef = 53449D5923294C0F00A470E2 /* Decodable.swift */; };
		53449DA223294C1000A470E2 /* String.swift in Sources */ = {isa = PBXBuildFile; fileRef = 53449D5A23294C0F00A470E2 /* String.swift */; };
		53449DA323294C1000A470E2 /* DateFormatter.swift in Sources */ = {isa = PBXBuildFile; fileRef = 53449D5B23294C0F00A470E2 /* DateFormatter.swift */; };
		53449DA423294C1000A470E2 /* HTTPURLResponse.swift in Sources */ = {isa = PBXBuildFile; fileRef = 53449D5C23294C0F00A470E2 /* HTTPURLResponse.swift */; };
		53449DA523294C1000A470E2 /* Report.swift in Sources */ = {isa = PBXBuildFile; fileRef = 53449D5E23294C0F00A470E2 /* Report.swift */; };
		53449DA623294C1000A470E2 /* Mention.swift in Sources */ = {isa = PBXBuildFile; fileRef = 53449D5F23294C0F00A470E2 /* Mention.swift */; };
		53449DA723294C1000A470E2 /* AttachmentType.swift in Sources */ = {isa = PBXBuildFile; fileRef = 53449D6023294C0F00A470E2 /* AttachmentType.swift */; };
		53449DA823294C1000A470E2 /* Conversation.swift in Sources */ = {isa = PBXBuildFile; fileRef = 53449D6123294C0F00A470E2 /* Conversation.swift */; };
		53449DA923294C1000A470E2 /* Visibility.swift in Sources */ = {isa = PBXBuildFile; fileRef = 53449D6223294C0F00A470E2 /* Visibility.swift */; };
		53449DAA23294C1000A470E2 /* ScheduledStatus.swift in Sources */ = {isa = PBXBuildFile; fileRef = 53449D6323294C0F00A470E2 /* ScheduledStatus.swift */; };
		53449DAB23294C1000A470E2 /* Attachment.swift in Sources */ = {isa = PBXBuildFile; fileRef = 53449D6423294C0F00A470E2 /* Attachment.swift */; };
		53449DAC23294C1000A470E2 /* Poll.swift in Sources */ = {isa = PBXBuildFile; fileRef = 53449D6523294C0F00A470E2 /* Poll.swift */; };
		53449DAD23294C1000A470E2 /* Empty.swift in Sources */ = {isa = PBXBuildFile; fileRef = 53449D6623294C0F00A470E2 /* Empty.swift */; };
		53449DAE23294C1000A470E2 /* ClientApplication.swift in Sources */ = {isa = PBXBuildFile; fileRef = 53449D6723294C0F00A470E2 /* ClientApplication.swift */; };
		53449DAF23294C1000A470E2 /* Card.swift in Sources */ = {isa = PBXBuildFile; fileRef = 53449D6823294C0F00A470E2 /* Card.swift */; };
		53449DB023294C1000A470E2 /* CardType.swift in Sources */ = {isa = PBXBuildFile; fileRef = 53449D6923294C0F00A470E2 /* CardType.swift */; };
		53449DB123294C1000A470E2 /* LoginSettings.swift in Sources */ = {isa = PBXBuildFile; fileRef = 53449D6A23294C0F00A470E2 /* LoginSettings.swift */; };
		53449DB223294C1000A470E2 /* AccessScope.swift in Sources */ = {isa = PBXBuildFile; fileRef = 53449D6B23294C0F00A470E2 /* AccessScope.swift */; };
		53449DB323294C1000A470E2 /* Joke.swift in Sources */ = {isa = PBXBuildFile; fileRef = 53449D6C23294C0F00A470E2 /* Joke.swift */; };
		53449DB423294C1000A470E2 /* Results.swift in Sources */ = {isa = PBXBuildFile; fileRef = 53449D6D23294C0F00A470E2 /* Results.swift */; };
		53449DB523294C1000A470E2 /* List.swift in Sources */ = {isa = PBXBuildFile; fileRef = 53449D6E23294C0F00A470E2 /* List.swift */; };
		53449DB623294C1000A470E2 /* Context.swift in Sources */ = {isa = PBXBuildFile; fileRef = 53449D6F23294C0F00A470E2 /* Context.swift */; };
		53449DB723294C1000A470E2 /* Instance.swift in Sources */ = {isa = PBXBuildFile; fileRef = 53449D7023294C0F00A470E2 /* Instance.swift */; };
		53449DB823294C1000A470E2 /* Relationship.swift in Sources */ = {isa = PBXBuildFile; fileRef = 53449D7123294C0F00A470E2 /* Relationship.swift */; };
		53449DB923294C1000A470E2 /* Notification.swift in Sources */ = {isa = PBXBuildFile; fileRef = 53449D7223294C0F00A470E2 /* Notification.swift */; };
		53449DBA23294C1000A470E2 /* Application.swift in Sources */ = {isa = PBXBuildFile; fileRef = 53449D7323294C0F00A470E2 /* Application.swift */; };
		53449DBB23294C1000A470E2 /* StatusPara.swift in Sources */ = {isa = PBXBuildFile; fileRef = 53449D7423294C0F00A470E2 /* StatusPara.swift */; };
		53449DBC23294C1000A470E2 /* Status.swift in Sources */ = {isa = PBXBuildFile; fileRef = 53449D7523294C0F00A470E2 /* Status.swift */; };
		53449DBD23294C1000A470E2 /* HashType.swift in Sources */ = {isa = PBXBuildFile; fileRef = 53449D7623294C0F00A470E2 /* HashType.swift */; };
		53449DBE23294C1000A470E2 /* Emoji.swift in Sources */ = {isa = PBXBuildFile; fileRef = 53449D7723294C0F00A470E2 /* Emoji.swift */; };
		53449DBF23294C1000A470E2 /* Tag.swift in Sources */ = {isa = PBXBuildFile; fileRef = 53449D7823294C0F00A470E2 /* Tag.swift */; };
		53449DC023294C1000A470E2 /* Filters.swift in Sources */ = {isa = PBXBuildFile; fileRef = 53449D7923294C0F00A470E2 /* Filters.swift */; };
		53449DC123294C1000A470E2 /* Account.swift in Sources */ = {isa = PBXBuildFile; fileRef = 53449D7A23294C0F00A470E2 /* Account.swift */; };
		53449DC223294C1000A470E2 /* NotificationType.swift in Sources */ = {isa = PBXBuildFile; fileRef = 53449D7B23294C0F00A470E2 /* NotificationType.swift */; };
		53449DC323294C1000A470E2 /* RequestError.swift in Sources */ = {isa = PBXBuildFile; fileRef = 53449D7C23294C0F00A470E2 /* RequestError.swift */; };
		53449DC423294C1000A470E2 /* HTTPMethod.swift in Sources */ = {isa = PBXBuildFile; fileRef = 53449D7D23294C0F00A470E2 /* HTTPMethod.swift */; };
		53449DC523294C1000A470E2 /* Mutes.swift in Sources */ = {isa = PBXBuildFile; fileRef = 53449D7F23294C0F00A470E2 /* Mutes.swift */; };
		53449DC623294C1000A470E2 /* Instances.swift in Sources */ = {isa = PBXBuildFile; fileRef = 53449D8023294C0F00A470E2 /* Instances.swift */; };
		53449DC723294C1000A470E2 /* Statuses.swift in Sources */ = {isa = PBXBuildFile; fileRef = 53449D8123294C0F00A470E2 /* Statuses.swift */; };
		53449DC823294C1000A470E2 /* FollowRequests.swift in Sources */ = {isa = PBXBuildFile; fileRef = 53449D8223294C0F00A470E2 /* FollowRequests.swift */; };
		53449DC923294C1000A470E2 /* Login.swift in Sources */ = {isa = PBXBuildFile; fileRef = 53449D8323294C0F00A470E2 /* Login.swift */; };
		53449DCA23294C1000A470E2 /* Polls.swift in Sources */ = {isa = PBXBuildFile; fileRef = 53449D8423294C0F00A470E2 /* Polls.swift */; };
		53449DCB23294C1000A470E2 /* Favourites.swift in Sources */ = {isa = PBXBuildFile; fileRef = 53449D8523294C0F00A470E2 /* Favourites.swift */; };
		53449DCC23294C1000A470E2 /* Blocks.swift in Sources */ = {isa = PBXBuildFile; fileRef = 53449D8623294C0F00A470E2 /* Blocks.swift */; };
		53449DCD23294C1000A470E2 /* Notifications.swift in Sources */ = {isa = PBXBuildFile; fileRef = 53449D8723294C0F00A470E2 /* Notifications.swift */; };
		53449DCE23294C1000A470E2 /* FilterToots.swift in Sources */ = {isa = PBXBuildFile; fileRef = 53449D8823294C0F00A470E2 /* FilterToots.swift */; };
		53449DCF23294C1000A470E2 /* Media.swift in Sources */ = {isa = PBXBuildFile; fileRef = 53449D8923294C0F00A470E2 /* Media.swift */; };
		53449DD023294C1000A470E2 /* Accounts.swift in Sources */ = {isa = PBXBuildFile; fileRef = 53449D8A23294C0F00A470E2 /* Accounts.swift */; };
		53449DD123294C1000A470E2 /* Lists.swift in Sources */ = {isa = PBXBuildFile; fileRef = 53449D8B23294C0F00A470E2 /* Lists.swift */; };
		53449DD223294C1000A470E2 /* Reports.swift in Sources */ = {isa = PBXBuildFile; fileRef = 53449D8C23294C0F00A470E2 /* Reports.swift */; };
		53449DD323294C1000A470E2 /* Clients.swift in Sources */ = {isa = PBXBuildFile; fileRef = 53449D8D23294C0F00A470E2 /* Clients.swift */; };
		53449DD423294C1000A470E2 /* DomainBlocks.swift in Sources */ = {isa = PBXBuildFile; fileRef = 53449D8E23294C0F00A470E2 /* DomainBlocks.swift */; };
		53449DD523294C1000A470E2 /* Search.swift in Sources */ = {isa = PBXBuildFile; fileRef = 53449D8F23294C0F00A470E2 /* Search.swift */; };
		53449DD623294C1000A470E2 /* Timelines.swift in Sources */ = {isa = PBXBuildFile; fileRef = 53449D9023294C0F00A470E2 /* Timelines.swift */; };
		53449DD723294C1000A470E2 /* Pagination.swift in Sources */ = {isa = PBXBuildFile; fileRef = 53449D9123294C0F00A470E2 /* Pagination.swift */; };
		53449DD823294C1000A470E2 /* Client.swift in Sources */ = {isa = PBXBuildFile; fileRef = 53449D9223294C0F00A470E2 /* Client.swift */; };
		53449DD923294C1000A470E2 /* Request.swift in Sources */ = {isa = PBXBuildFile; fileRef = 53449D9323294C0F00A470E2 /* Request.swift */; };
		53449DDA23294C1000A470E2 /* RequestRange.swift in Sources */ = {isa = PBXBuildFile; fileRef = 53449D9423294C0F00A470E2 /* RequestRange.swift */; };
		53449DDB23294C1000A470E2 /* ClientError.swift in Sources */ = {isa = PBXBuildFile; fileRef = 53449D9523294C0F00A470E2 /* ClientError.swift */; };
		53449DDC23294C1000A470E2 /* Payload.swift in Sources */ = {isa = PBXBuildFile; fileRef = 53449D9623294C0F00A470E2 /* Payload.swift */; };
		53449DDD23294C1000A470E2 /* MediaAttachment.swift in Sources */ = {isa = PBXBuildFile; fileRef = 53449D9723294C0F00A470E2 /* MediaAttachment.swift */; };
		53449DDF23294E4900A470E2 /* GlobalStruct.swift in Sources */ = {isa = PBXBuildFile; fileRef = 53449DDE23294E4900A470E2 /* GlobalStruct.swift */; };
		5344C0BA233790AC00EB3363 /* TootImageCell.swift in Sources */ = {isa = PBXBuildFile; fileRef = 5344C0B9233790AC00EB3363 /* TootImageCell.swift */; };
		5344C0BC2337966F00EB3363 /* NotificationsImageCell.swift in Sources */ = {isa = PBXBuildFile; fileRef = 5344C0BB2337966F00EB3363 /* NotificationsImageCell.swift */; };
		5344C0BE23379A4400EB3363 /* DetailImageCell.swift in Sources */ = {isa = PBXBuildFile; fileRef = 5344C0BD23379A4300EB3363 /* DetailImageCell.swift */; };
		5344C0C02337AA9500EB3363 /* OtherProfileCell.swift in Sources */ = {isa = PBXBuildFile; fileRef = 5344C0BF2337AA9500EB3363 /* OtherProfileCell.swift */; };
		5379F4112331115B00DC1F33 /* TootCell.swift in Sources */ = {isa = PBXBuildFile; fileRef = 5379F4102331115B00DC1F33 /* TootCell.swift */; };
		5379F4132331122100DC1F33 /* Spring.swift in Sources */ = {isa = PBXBuildFile; fileRef = 5379F4122331122100DC1F33 /* Spring.swift */; };
		5379F41523311A5700DC1F33 /* StripHTML.swift in Sources */ = {isa = PBXBuildFile; fileRef = 5379F41423311A5700DC1F33 /* StripHTML.swift */; };
		5379F41723311BDC00DC1F33 /* DetailViewController.swift in Sources */ = {isa = PBXBuildFile; fileRef = 5379F41623311BDC00DC1F33 /* DetailViewController.swift */; };
		5379F41C23313B1700DC1F33 /* SettingsViewController.swift in Sources */ = {isa = PBXBuildFile; fileRef = 5379F41B23313B1700DC1F33 /* SettingsViewController.swift */; };
		5379F41E23313CAA00DC1F33 /* TootViewController.swift in Sources */ = {isa = PBXBuildFile; fileRef = 5379F41D23313CAA00DC1F33 /* TootViewController.swift */; };
		5379F4202332346700DC1F33 /* DetailCell.swift in Sources */ = {isa = PBXBuildFile; fileRef = 5379F41F2332346700DC1F33 /* DetailCell.swift */; };
		5379F4222332349500DC1F33 /* DetailActionsCell.swift in Sources */ = {isa = PBXBuildFile; fileRef = 5379F4212332349500DC1F33 /* DetailActionsCell.swift */; };
		5379F42423323D3100DC1F33 /* NotificationsCell.swift in Sources */ = {isa = PBXBuildFile; fileRef = 5379F42323323D3100DC1F33 /* NotificationsCell.swift */; };
		5379F42623323F8C00DC1F33 /* DirectCell.swift in Sources */ = {isa = PBXBuildFile; fileRef = 5379F42523323F8C00DC1F33 /* DirectCell.swift */; };
		5379F428233271D800DC1F33 /* Date.swift in Sources */ = {isa = PBXBuildFile; fileRef = 5379F427233271D800DC1F33 /* Date.swift */; };
		5379F42C2333751C00DC1F33 /* ThirdViewController.swift in Sources */ = {isa = PBXBuildFile; fileRef = 5379F42B2333751C00DC1F33 /* ThirdViewController.swift */; };
		5379F42E2333AD6400DC1F33 /* ProfileCell.swift in Sources */ = {isa = PBXBuildFile; fileRef = 5379F42D2333AD6400DC1F33 /* ProfileCell.swift */; };
		5379F4302333C3B500DC1F33 /* ColumnFlowLayout.swift in Sources */ = {isa = PBXBuildFile; fileRef = 5379F42F2333C3B500DC1F33 /* ColumnFlowLayout.swift */; };
		5379F4322333C3F800DC1F33 /* ProfileImageCell.swift in Sources */ = {isa = PBXBuildFile; fileRef = 5379F4312333C3F800DC1F33 /* ProfileImageCell.swift */; };
		5379F4342333C4AC00DC1F33 /* CollectionImageCell.swift in Sources */ = {isa = PBXBuildFile; fileRef = 5379F4332333C4AB00DC1F33 /* CollectionImageCell.swift */; };
		5379F4362334CAE800DC1F33 /* ListCell.swift in Sources */ = {isa = PBXBuildFile; fileRef = 5379F4352334CAE800DC1F33 /* ListCell.swift */; };
		53B5F1DE233BC4BA0099B170 /* NotificationService.swift in Sources */ = {isa = PBXBuildFile; fileRef = 53B5F1DD233BC4BA0099B170 /* NotificationService.swift */; };
		53B5F1E2233BC4BA0099B170 /* Mast Push.appex in Embed App Extensions */ = {isa = PBXBuildFile; fileRef = 53B5F1DB233BC4BA0099B170 /* Mast Push.appex */; settings = {ATTRIBUTES = (RemoveHeadersOnCopy, ); }; };
		53B5F1ED233BC5600099B170 /* SwiftGCM.swift in Sources */ = {isa = PBXBuildFile; fileRef = 53B5F1E8233BC5600099B170 /* SwiftGCM.swift */; };
		53B5F1EE233BC5600099B170 /* DecryptNotification.swift in Sources */ = {isa = PBXBuildFile; fileRef = 53B5F1E9233BC5600099B170 /* DecryptNotification.swift */; };
		53B5F1EF233BC5600099B170 /* PushNotificationReceiver.swift in Sources */ = {isa = PBXBuildFile; fileRef = 53B5F1EA233BC5600099B170 /* PushNotificationReceiver.swift */; };
		53B5F1F0233BC5600099B170 /* PushNotificationDataObjects.swift in Sources */ = {isa = PBXBuildFile; fileRef = 53B5F1EB233BC5600099B170 /* PushNotificationDataObjects.swift */; };
		53B5F1F1233BC5600099B170 /* Decode85.swift in Sources */ = {isa = PBXBuildFile; fileRef = 53B5F1EC233BC5600099B170 /* Decode85.swift */; };
		53B5F1F5233BC6B90099B170 /* SwiftGCM.swift in Sources */ = {isa = PBXBuildFile; fileRef = 53B5F1E8233BC5600099B170 /* SwiftGCM.swift */; };
		53B5F1F6233BC6BB0099B170 /* DecryptNotification.swift in Sources */ = {isa = PBXBuildFile; fileRef = 53B5F1E9233BC5600099B170 /* DecryptNotification.swift */; };
		53B5F1F7233BC6BE0099B170 /* PushNotificationReceiver.swift in Sources */ = {isa = PBXBuildFile; fileRef = 53B5F1EA233BC5600099B170 /* PushNotificationReceiver.swift */; };
		53B5F1F8233BC6C00099B170 /* PushNotificationDataObjects.swift in Sources */ = {isa = PBXBuildFile; fileRef = 53B5F1EB233BC5600099B170 /* PushNotificationDataObjects.swift */; };
		53B5F1F9233BC6C20099B170 /* Decode85.swift in Sources */ = {isa = PBXBuildFile; fileRef = 53B5F1EC233BC5600099B170 /* Decode85.swift */; };
		53B5F1FC233CED000099B170 /* DMViewController.swift in Sources */ = {isa = PBXBuildFile; fileRef = 53B5F1FB233CED000099B170 /* DMViewController.swift */; };
		53B5F200233E63370099B170 /* ScrollMainViewController.swift in Sources */ = {isa = PBXBuildFile; fileRef = 53B5F1FF233E63360099B170 /* ScrollMainViewController.swift */; };
		53B5F202233E63540099B170 /* VerticalTabBarController.swift in Sources */ = {isa = PBXBuildFile; fileRef = 53B5F201233E63540099B170 /* VerticalTabBarController.swift */; };
		53B5F204233E63C80099B170 /* ColumnViewController.swift in Sources */ = {isa = PBXBuildFile; fileRef = 53B5F203233E63C80099B170 /* ColumnViewController.swift */; };
		6427A50145F216B989F00A74 /* Pods_Mast.framework in Frameworks */ = {isa = PBXBuildFile; fileRef = 5BEAFB3EAA11416A97855DF0 /* Pods_Mast.framework */; };
/* End PBXBuildFile section */

/* Begin PBXContainerItemProxy section */
		53B5F1E0233BC4BA0099B170 /* PBXContainerItemProxy */ = {
			isa = PBXContainerItemProxy;
			containerPortal = 53449D2523293E3600A470E2 /* Project object */;
			proxyType = 1;
			remoteGlobalIDString = 53B5F1DA233BC4BA0099B170;
			remoteInfo = "Mast Push";
		};
/* End PBXContainerItemProxy section */

/* Begin PBXCopyFilesBuildPhase section */
		53B5F1E3233BC4BA0099B170 /* Embed App Extensions */ = {
			isa = PBXCopyFilesBuildPhase;
			buildActionMask = 2147483647;
			dstPath = "";
			dstSubfolderSpec = 13;
			files = (
				53B5F1E2233BC4BA0099B170 /* Mast Push.appex in Embed App Extensions */,
			);
			name = "Embed App Extensions";
			runOnlyForDeploymentPostprocessing = 0;
		};
/* End PBXCopyFilesBuildPhase section */

/* Begin PBXFileReference section */
		532DF3BF233A71D900AA14E8 /* ComposeImageCell.swift */ = {isa = PBXFileReference; lastKnownFileType = sourcecode.swift; path = ComposeImageCell.swift; sourceTree = "<group>"; };
		53449D2D23293E3600A470E2 /* Mast.app */ = {isa = PBXFileReference; explicitFileType = wrapper.application; includeInIndex = 0; path = Mast.app; sourceTree = BUILT_PRODUCTS_DIR; };
		53449D3023293E3600A470E2 /* AppDelegate.swift */ = {isa = PBXFileReference; lastKnownFileType = sourcecode.swift; path = AppDelegate.swift; sourceTree = "<group>"; };
		53449D3223293E3600A470E2 /* SceneDelegate.swift */ = {isa = PBXFileReference; lastKnownFileType = sourcecode.swift; path = SceneDelegate.swift; sourceTree = "<group>"; };
		53449D3423293E3600A470E2 /* ViewController.swift */ = {isa = PBXFileReference; lastKnownFileType = sourcecode.swift; path = ViewController.swift; sourceTree = "<group>"; };
		53449D3723293E3600A470E2 /* Base */ = {isa = PBXFileReference; lastKnownFileType = file.storyboard; name = Base; path = Base.lproj/Main.storyboard; sourceTree = "<group>"; };
		53449D3923293E3700A470E2 /* Assets.xcassets */ = {isa = PBXFileReference; lastKnownFileType = folder.assetcatalog; path = Assets.xcassets; sourceTree = "<group>"; };
		53449D3C23293E3700A470E2 /* Base */ = {isa = PBXFileReference; lastKnownFileType = file.storyboard; name = Base; path = Base.lproj/LaunchScreen.storyboard; sourceTree = "<group>"; };
		53449D3E23293E3700A470E2 /* Info.plist */ = {isa = PBXFileReference; lastKnownFileType = text.plist.xml; path = Info.plist; sourceTree = "<group>"; };
		53449D4423293EF900A470E2 /* FirstViewController.swift */ = {isa = PBXFileReference; lastKnownFileType = sourcecode.swift; path = FirstViewController.swift; sourceTree = "<group>"; };
		53449D4623293F1C00A470E2 /* SecondViewController.swift */ = {isa = PBXFileReference; lastKnownFileType = sourcecode.swift; path = SecondViewController.swift; sourceTree = "<group>"; };
		53449D4823293F2F00A470E2 /* FourthViewController.swift */ = {isa = PBXFileReference; lastKnownFileType = sourcecode.swift; path = FourthViewController.swift; sourceTree = "<group>"; };
		53449D4A23293F4100A470E2 /* FifthViewController.swift */ = {isa = PBXFileReference; lastKnownFileType = sourcecode.swift; path = FifthViewController.swift; sourceTree = "<group>"; };
		53449D4F23294C0F00A470E2 /* PaginationItem.swift */ = {isa = PBXFileReference; fileEncoding = 4; lastKnownFileType = sourcecode.swift; path = PaginationItem.swift; sourceTree = "<group>"; };
		53449D5023294C0F00A470E2 /* ClientType.swift */ = {isa = PBXFileReference; fileEncoding = 4; lastKnownFileType = sourcecode.swift; path = ClientType.swift; sourceTree = "<group>"; };
		53449D5123294C0F00A470E2 /* Parameter.swift */ = {isa = PBXFileReference; fileEncoding = 4; lastKnownFileType = sourcecode.swift; path = Parameter.swift; sourceTree = "<group>"; };
		53449D5223294C0F00A470E2 /* Functions.swift */ = {isa = PBXFileReference; fileEncoding = 4; lastKnownFileType = sourcecode.swift; path = Functions.swift; sourceTree = "<group>"; };
		53449D5323294C0F00A470E2 /* Result.swift */ = {isa = PBXFileReference; fileEncoding = 4; lastKnownFileType = sourcecode.swift; path = Result.swift; sourceTree = "<group>"; };
		53449D5523294C0F00A470E2 /* URLComponents.swift */ = {isa = PBXFileReference; fileEncoding = 4; lastKnownFileType = sourcecode.swift; path = URLComponents.swift; sourceTree = "<group>"; };
		53449D5623294C0F00A470E2 /* CharacterSet.swift */ = {isa = PBXFileReference; fileEncoding = 4; lastKnownFileType = sourcecode.swift; path = CharacterSet.swift; sourceTree = "<group>"; };
		53449D5723294C0F00A470E2 /* URLRequest.swift */ = {isa = PBXFileReference; fileEncoding = 4; lastKnownFileType = sourcecode.swift; path = URLRequest.swift; sourceTree = "<group>"; };
		53449D5823294C0F00A470E2 /* Data.swift */ = {isa = PBXFileReference; fileEncoding = 4; lastKnownFileType = sourcecode.swift; path = Data.swift; sourceTree = "<group>"; };
		53449D5923294C0F00A470E2 /* Decodable.swift */ = {isa = PBXFileReference; fileEncoding = 4; lastKnownFileType = sourcecode.swift; path = Decodable.swift; sourceTree = "<group>"; };
		53449D5A23294C0F00A470E2 /* String.swift */ = {isa = PBXFileReference; fileEncoding = 4; lastKnownFileType = sourcecode.swift; path = String.swift; sourceTree = "<group>"; };
		53449D5B23294C0F00A470E2 /* DateFormatter.swift */ = {isa = PBXFileReference; fileEncoding = 4; lastKnownFileType = sourcecode.swift; path = DateFormatter.swift; sourceTree = "<group>"; };
		53449D5C23294C0F00A470E2 /* HTTPURLResponse.swift */ = {isa = PBXFileReference; fileEncoding = 4; lastKnownFileType = sourcecode.swift; path = HTTPURLResponse.swift; sourceTree = "<group>"; };
		53449D5E23294C0F00A470E2 /* Report.swift */ = {isa = PBXFileReference; fileEncoding = 4; lastKnownFileType = sourcecode.swift; path = Report.swift; sourceTree = "<group>"; };
		53449D5F23294C0F00A470E2 /* Mention.swift */ = {isa = PBXFileReference; fileEncoding = 4; lastKnownFileType = sourcecode.swift; path = Mention.swift; sourceTree = "<group>"; };
		53449D6023294C0F00A470E2 /* AttachmentType.swift */ = {isa = PBXFileReference; fileEncoding = 4; lastKnownFileType = sourcecode.swift; path = AttachmentType.swift; sourceTree = "<group>"; };
		53449D6123294C0F00A470E2 /* Conversation.swift */ = {isa = PBXFileReference; fileEncoding = 4; lastKnownFileType = sourcecode.swift; path = Conversation.swift; sourceTree = "<group>"; };
		53449D6223294C0F00A470E2 /* Visibility.swift */ = {isa = PBXFileReference; fileEncoding = 4; lastKnownFileType = sourcecode.swift; path = Visibility.swift; sourceTree = "<group>"; };
		53449D6323294C0F00A470E2 /* ScheduledStatus.swift */ = {isa = PBXFileReference; fileEncoding = 4; lastKnownFileType = sourcecode.swift; path = ScheduledStatus.swift; sourceTree = "<group>"; };
		53449D6423294C0F00A470E2 /* Attachment.swift */ = {isa = PBXFileReference; fileEncoding = 4; lastKnownFileType = sourcecode.swift; path = Attachment.swift; sourceTree = "<group>"; };
		53449D6523294C0F00A470E2 /* Poll.swift */ = {isa = PBXFileReference; fileEncoding = 4; lastKnownFileType = sourcecode.swift; path = Poll.swift; sourceTree = "<group>"; };
		53449D6623294C0F00A470E2 /* Empty.swift */ = {isa = PBXFileReference; fileEncoding = 4; lastKnownFileType = sourcecode.swift; path = Empty.swift; sourceTree = "<group>"; };
		53449D6723294C0F00A470E2 /* ClientApplication.swift */ = {isa = PBXFileReference; fileEncoding = 4; lastKnownFileType = sourcecode.swift; path = ClientApplication.swift; sourceTree = "<group>"; };
		53449D6823294C0F00A470E2 /* Card.swift */ = {isa = PBXFileReference; fileEncoding = 4; lastKnownFileType = sourcecode.swift; path = Card.swift; sourceTree = "<group>"; };
		53449D6923294C0F00A470E2 /* CardType.swift */ = {isa = PBXFileReference; fileEncoding = 4; lastKnownFileType = sourcecode.swift; path = CardType.swift; sourceTree = "<group>"; };
		53449D6A23294C0F00A470E2 /* LoginSettings.swift */ = {isa = PBXFileReference; fileEncoding = 4; lastKnownFileType = sourcecode.swift; path = LoginSettings.swift; sourceTree = "<group>"; };
		53449D6B23294C0F00A470E2 /* AccessScope.swift */ = {isa = PBXFileReference; fileEncoding = 4; lastKnownFileType = sourcecode.swift; path = AccessScope.swift; sourceTree = "<group>"; };
		53449D6C23294C0F00A470E2 /* Joke.swift */ = {isa = PBXFileReference; fileEncoding = 4; lastKnownFileType = sourcecode.swift; path = Joke.swift; sourceTree = "<group>"; };
		53449D6D23294C0F00A470E2 /* Results.swift */ = {isa = PBXFileReference; fileEncoding = 4; lastKnownFileType = sourcecode.swift; path = Results.swift; sourceTree = "<group>"; };
		53449D6E23294C0F00A470E2 /* List.swift */ = {isa = PBXFileReference; fileEncoding = 4; lastKnownFileType = sourcecode.swift; path = List.swift; sourceTree = "<group>"; };
		53449D6F23294C0F00A470E2 /* Context.swift */ = {isa = PBXFileReference; fileEncoding = 4; lastKnownFileType = sourcecode.swift; path = Context.swift; sourceTree = "<group>"; };
		53449D7023294C0F00A470E2 /* Instance.swift */ = {isa = PBXFileReference; fileEncoding = 4; lastKnownFileType = sourcecode.swift; path = Instance.swift; sourceTree = "<group>"; };
		53449D7123294C0F00A470E2 /* Relationship.swift */ = {isa = PBXFileReference; fileEncoding = 4; lastKnownFileType = sourcecode.swift; path = Relationship.swift; sourceTree = "<group>"; };
		53449D7223294C0F00A470E2 /* Notification.swift */ = {isa = PBXFileReference; fileEncoding = 4; lastKnownFileType = sourcecode.swift; path = Notification.swift; sourceTree = "<group>"; };
		53449D7323294C0F00A470E2 /* Application.swift */ = {isa = PBXFileReference; fileEncoding = 4; lastKnownFileType = sourcecode.swift; path = Application.swift; sourceTree = "<group>"; };
		53449D7423294C0F00A470E2 /* StatusPara.swift */ = {isa = PBXFileReference; fileEncoding = 4; lastKnownFileType = sourcecode.swift; path = StatusPara.swift; sourceTree = "<group>"; };
		53449D7523294C0F00A470E2 /* Status.swift */ = {isa = PBXFileReference; fileEncoding = 4; lastKnownFileType = sourcecode.swift; path = Status.swift; sourceTree = "<group>"; };
		53449D7623294C0F00A470E2 /* HashType.swift */ = {isa = PBXFileReference; fileEncoding = 4; lastKnownFileType = sourcecode.swift; path = HashType.swift; sourceTree = "<group>"; };
		53449D7723294C0F00A470E2 /* Emoji.swift */ = {isa = PBXFileReference; fileEncoding = 4; lastKnownFileType = sourcecode.swift; path = Emoji.swift; sourceTree = "<group>"; };
		53449D7823294C0F00A470E2 /* Tag.swift */ = {isa = PBXFileReference; fileEncoding = 4; lastKnownFileType = sourcecode.swift; path = Tag.swift; sourceTree = "<group>"; };
		53449D7923294C0F00A470E2 /* Filters.swift */ = {isa = PBXFileReference; fileEncoding = 4; lastKnownFileType = sourcecode.swift; path = Filters.swift; sourceTree = "<group>"; };
		53449D7A23294C0F00A470E2 /* Account.swift */ = {isa = PBXFileReference; fileEncoding = 4; lastKnownFileType = sourcecode.swift; path = Account.swift; sourceTree = "<group>"; };
		53449D7B23294C0F00A470E2 /* NotificationType.swift */ = {isa = PBXFileReference; fileEncoding = 4; lastKnownFileType = sourcecode.swift; path = NotificationType.swift; sourceTree = "<group>"; };
		53449D7C23294C0F00A470E2 /* RequestError.swift */ = {isa = PBXFileReference; fileEncoding = 4; lastKnownFileType = sourcecode.swift; path = RequestError.swift; sourceTree = "<group>"; };
		53449D7D23294C0F00A470E2 /* HTTPMethod.swift */ = {isa = PBXFileReference; fileEncoding = 4; lastKnownFileType = sourcecode.swift; path = HTTPMethod.swift; sourceTree = "<group>"; };
		53449D7F23294C0F00A470E2 /* Mutes.swift */ = {isa = PBXFileReference; fileEncoding = 4; lastKnownFileType = sourcecode.swift; path = Mutes.swift; sourceTree = "<group>"; };
		53449D8023294C0F00A470E2 /* Instances.swift */ = {isa = PBXFileReference; fileEncoding = 4; lastKnownFileType = sourcecode.swift; path = Instances.swift; sourceTree = "<group>"; };
		53449D8123294C0F00A470E2 /* Statuses.swift */ = {isa = PBXFileReference; fileEncoding = 4; lastKnownFileType = sourcecode.swift; path = Statuses.swift; sourceTree = "<group>"; };
		53449D8223294C0F00A470E2 /* FollowRequests.swift */ = {isa = PBXFileReference; fileEncoding = 4; lastKnownFileType = sourcecode.swift; path = FollowRequests.swift; sourceTree = "<group>"; };
		53449D8323294C0F00A470E2 /* Login.swift */ = {isa = PBXFileReference; fileEncoding = 4; lastKnownFileType = sourcecode.swift; path = Login.swift; sourceTree = "<group>"; };
		53449D8423294C0F00A470E2 /* Polls.swift */ = {isa = PBXFileReference; fileEncoding = 4; lastKnownFileType = sourcecode.swift; path = Polls.swift; sourceTree = "<group>"; };
		53449D8523294C0F00A470E2 /* Favourites.swift */ = {isa = PBXFileReference; fileEncoding = 4; lastKnownFileType = sourcecode.swift; path = Favourites.swift; sourceTree = "<group>"; };
		53449D8623294C0F00A470E2 /* Blocks.swift */ = {isa = PBXFileReference; fileEncoding = 4; lastKnownFileType = sourcecode.swift; path = Blocks.swift; sourceTree = "<group>"; };
		53449D8723294C0F00A470E2 /* Notifications.swift */ = {isa = PBXFileReference; fileEncoding = 4; lastKnownFileType = sourcecode.swift; path = Notifications.swift; sourceTree = "<group>"; };
		53449D8823294C0F00A470E2 /* FilterToots.swift */ = {isa = PBXFileReference; fileEncoding = 4; lastKnownFileType = sourcecode.swift; path = FilterToots.swift; sourceTree = "<group>"; };
		53449D8923294C0F00A470E2 /* Media.swift */ = {isa = PBXFileReference; fileEncoding = 4; lastKnownFileType = sourcecode.swift; path = Media.swift; sourceTree = "<group>"; };
		53449D8A23294C0F00A470E2 /* Accounts.swift */ = {isa = PBXFileReference; fileEncoding = 4; lastKnownFileType = sourcecode.swift; path = Accounts.swift; sourceTree = "<group>"; };
		53449D8B23294C0F00A470E2 /* Lists.swift */ = {isa = PBXFileReference; fileEncoding = 4; lastKnownFileType = sourcecode.swift; path = Lists.swift; sourceTree = "<group>"; };
		53449D8C23294C0F00A470E2 /* Reports.swift */ = {isa = PBXFileReference; fileEncoding = 4; lastKnownFileType = sourcecode.swift; path = Reports.swift; sourceTree = "<group>"; };
		53449D8D23294C0F00A470E2 /* Clients.swift */ = {isa = PBXFileReference; fileEncoding = 4; lastKnownFileType = sourcecode.swift; path = Clients.swift; sourceTree = "<group>"; };
		53449D8E23294C0F00A470E2 /* DomainBlocks.swift */ = {isa = PBXFileReference; fileEncoding = 4; lastKnownFileType = sourcecode.swift; path = DomainBlocks.swift; sourceTree = "<group>"; };
		53449D8F23294C0F00A470E2 /* Search.swift */ = {isa = PBXFileReference; fileEncoding = 4; lastKnownFileType = sourcecode.swift; path = Search.swift; sourceTree = "<group>"; };
		53449D9023294C0F00A470E2 /* Timelines.swift */ = {isa = PBXFileReference; fileEncoding = 4; lastKnownFileType = sourcecode.swift; path = Timelines.swift; sourceTree = "<group>"; };
		53449D9123294C0F00A470E2 /* Pagination.swift */ = {isa = PBXFileReference; fileEncoding = 4; lastKnownFileType = sourcecode.swift; path = Pagination.swift; sourceTree = "<group>"; };
		53449D9223294C0F00A470E2 /* Client.swift */ = {isa = PBXFileReference; fileEncoding = 4; lastKnownFileType = sourcecode.swift; path = Client.swift; sourceTree = "<group>"; };
		53449D9323294C0F00A470E2 /* Request.swift */ = {isa = PBXFileReference; fileEncoding = 4; lastKnownFileType = sourcecode.swift; path = Request.swift; sourceTree = "<group>"; };
		53449D9423294C0F00A470E2 /* RequestRange.swift */ = {isa = PBXFileReference; fileEncoding = 4; lastKnownFileType = sourcecode.swift; path = RequestRange.swift; sourceTree = "<group>"; };
		53449D9523294C0F00A470E2 /* ClientError.swift */ = {isa = PBXFileReference; fileEncoding = 4; lastKnownFileType = sourcecode.swift; path = ClientError.swift; sourceTree = "<group>"; };
		53449D9623294C0F00A470E2 /* Payload.swift */ = {isa = PBXFileReference; fileEncoding = 4; lastKnownFileType = sourcecode.swift; path = Payload.swift; sourceTree = "<group>"; };
		53449D9723294C0F00A470E2 /* MediaAttachment.swift */ = {isa = PBXFileReference; fileEncoding = 4; lastKnownFileType = sourcecode.swift; path = MediaAttachment.swift; sourceTree = "<group>"; };
		53449DDE23294E4900A470E2 /* GlobalStruct.swift */ = {isa = PBXFileReference; lastKnownFileType = sourcecode.swift; path = GlobalStruct.swift; sourceTree = "<group>"; };
		5344C0B9233790AC00EB3363 /* TootImageCell.swift */ = {isa = PBXFileReference; lastKnownFileType = sourcecode.swift; path = TootImageCell.swift; sourceTree = "<group>"; };
		5344C0BB2337966F00EB3363 /* NotificationsImageCell.swift */ = {isa = PBXFileReference; lastKnownFileType = sourcecode.swift; path = NotificationsImageCell.swift; sourceTree = "<group>"; };
		5344C0BD23379A4300EB3363 /* DetailImageCell.swift */ = {isa = PBXFileReference; lastKnownFileType = sourcecode.swift; path = DetailImageCell.swift; sourceTree = "<group>"; };
		5344C0BF2337AA9500EB3363 /* OtherProfileCell.swift */ = {isa = PBXFileReference; lastKnownFileType = sourcecode.swift; path = OtherProfileCell.swift; sourceTree = "<group>"; };
		5379F4102331115B00DC1F33 /* TootCell.swift */ = {isa = PBXFileReference; lastKnownFileType = sourcecode.swift; path = TootCell.swift; sourceTree = "<group>"; };
		5379F4122331122100DC1F33 /* Spring.swift */ = {isa = PBXFileReference; fileEncoding = 4; lastKnownFileType = sourcecode.swift; path = Spring.swift; sourceTree = "<group>"; };
		5379F41423311A5700DC1F33 /* StripHTML.swift */ = {isa = PBXFileReference; lastKnownFileType = sourcecode.swift; path = StripHTML.swift; sourceTree = "<group>"; };
		5379F41623311BDC00DC1F33 /* DetailViewController.swift */ = {isa = PBXFileReference; lastKnownFileType = sourcecode.swift; path = DetailViewController.swift; sourceTree = "<group>"; };
		5379F41B23313B1700DC1F33 /* SettingsViewController.swift */ = {isa = PBXFileReference; lastKnownFileType = sourcecode.swift; path = SettingsViewController.swift; sourceTree = "<group>"; };
		5379F41D23313CAA00DC1F33 /* TootViewController.swift */ = {isa = PBXFileReference; lastKnownFileType = sourcecode.swift; path = TootViewController.swift; sourceTree = "<group>"; };
		5379F41F2332346700DC1F33 /* DetailCell.swift */ = {isa = PBXFileReference; lastKnownFileType = sourcecode.swift; path = DetailCell.swift; sourceTree = "<group>"; };
		5379F4212332349500DC1F33 /* DetailActionsCell.swift */ = {isa = PBXFileReference; lastKnownFileType = sourcecode.swift; path = DetailActionsCell.swift; sourceTree = "<group>"; };
		5379F42323323D3100DC1F33 /* NotificationsCell.swift */ = {isa = PBXFileReference; lastKnownFileType = sourcecode.swift; path = NotificationsCell.swift; sourceTree = "<group>"; };
		5379F42523323F8C00DC1F33 /* DirectCell.swift */ = {isa = PBXFileReference; lastKnownFileType = sourcecode.swift; path = DirectCell.swift; sourceTree = "<group>"; };
		5379F427233271D800DC1F33 /* Date.swift */ = {isa = PBXFileReference; lastKnownFileType = sourcecode.swift; path = Date.swift; sourceTree = "<group>"; };
		5379F42B2333751C00DC1F33 /* ThirdViewController.swift */ = {isa = PBXFileReference; lastKnownFileType = sourcecode.swift; path = ThirdViewController.swift; sourceTree = "<group>"; };
		5379F42D2333AD6400DC1F33 /* ProfileCell.swift */ = {isa = PBXFileReference; lastKnownFileType = sourcecode.swift; path = ProfileCell.swift; sourceTree = "<group>"; };
		5379F42F2333C3B500DC1F33 /* ColumnFlowLayout.swift */ = {isa = PBXFileReference; lastKnownFileType = sourcecode.swift; path = ColumnFlowLayout.swift; sourceTree = "<group>"; };
		5379F4312333C3F800DC1F33 /* ProfileImageCell.swift */ = {isa = PBXFileReference; lastKnownFileType = sourcecode.swift; path = ProfileImageCell.swift; sourceTree = "<group>"; };
		5379F4332333C4AB00DC1F33 /* CollectionImageCell.swift */ = {isa = PBXFileReference; lastKnownFileType = sourcecode.swift; path = CollectionImageCell.swift; sourceTree = "<group>"; };
		5379F4352334CAE800DC1F33 /* ListCell.swift */ = {isa = PBXFileReference; lastKnownFileType = sourcecode.swift; path = ListCell.swift; sourceTree = "<group>"; };
		53B5F1DB233BC4BA0099B170 /* Mast Push.appex */ = {isa = PBXFileReference; explicitFileType = "wrapper.app-extension"; includeInIndex = 0; path = "Mast Push.appex"; sourceTree = BUILT_PRODUCTS_DIR; };
		53B5F1DD233BC4BA0099B170 /* NotificationService.swift */ = {isa = PBXFileReference; lastKnownFileType = sourcecode.swift; path = NotificationService.swift; sourceTree = "<group>"; };
		53B5F1DF233BC4BA0099B170 /* Info.plist */ = {isa = PBXFileReference; lastKnownFileType = text.plist.xml; path = Info.plist; sourceTree = "<group>"; };
		53B5F1E8233BC5600099B170 /* SwiftGCM.swift */ = {isa = PBXFileReference; fileEncoding = 4; lastKnownFileType = sourcecode.swift; path = SwiftGCM.swift; sourceTree = "<group>"; };
		53B5F1E9233BC5600099B170 /* DecryptNotification.swift */ = {isa = PBXFileReference; fileEncoding = 4; lastKnownFileType = sourcecode.swift; path = DecryptNotification.swift; sourceTree = "<group>"; };
		53B5F1EA233BC5600099B170 /* PushNotificationReceiver.swift */ = {isa = PBXFileReference; fileEncoding = 4; lastKnownFileType = sourcecode.swift; path = PushNotificationReceiver.swift; sourceTree = "<group>"; };
		53B5F1EB233BC5600099B170 /* PushNotificationDataObjects.swift */ = {isa = PBXFileReference; fileEncoding = 4; lastKnownFileType = sourcecode.swift; path = PushNotificationDataObjects.swift; sourceTree = "<group>"; };
		53B5F1EC233BC5600099B170 /* Decode85.swift */ = {isa = PBXFileReference; fileEncoding = 4; lastKnownFileType = sourcecode.swift; path = Decode85.swift; sourceTree = "<group>"; };
		53B5F1F2233BC60C0099B170 /* Mast Push.entitlements */ = {isa = PBXFileReference; lastKnownFileType = text.plist.entitlements; path = "Mast Push.entitlements"; sourceTree = "<group>"; };
		53B5F1F3233BC6230099B170 /* Mast.entitlements */ = {isa = PBXFileReference; lastKnownFileType = text.plist.entitlements; path = Mast.entitlements; sourceTree = "<group>"; };
		53B5F1F4233BC6900099B170 /* Mast Push-Bridging-Header.h */ = {isa = PBXFileReference; lastKnownFileType = sourcecode.c.h; path = "Mast Push-Bridging-Header.h"; sourceTree = "<group>"; };
		53B5F1FA233BC71C0099B170 /* Mast2-Bridging-Header.h */ = {isa = PBXFileReference; lastKnownFileType = sourcecode.c.h; path = "Mast2-Bridging-Header.h"; sourceTree = "<group>"; };
		53B5F1FB233CED000099B170 /* DMViewController.swift */ = {isa = PBXFileReference; lastKnownFileType = sourcecode.swift; path = DMViewController.swift; sourceTree = "<group>"; };
		53B5F1FF233E63360099B170 /* ScrollMainViewController.swift */ = {isa = PBXFileReference; lastKnownFileType = sourcecode.swift; path = ScrollMainViewController.swift; sourceTree = "<group>"; };
		53B5F201233E63540099B170 /* VerticalTabBarController.swift */ = {isa = PBXFileReference; lastKnownFileType = sourcecode.swift; path = VerticalTabBarController.swift; sourceTree = "<group>"; };
		53B5F203233E63C80099B170 /* ColumnViewController.swift */ = {isa = PBXFileReference; lastKnownFileType = sourcecode.swift; path = ColumnViewController.swift; sourceTree = "<group>"; };
		550A06FB5FDD759C102FAE53 /* Pods-Mast.debug.xcconfig */ = {isa = PBXFileReference; includeInIndex = 1; lastKnownFileType = text.xcconfig; name = "Pods-Mast.debug.xcconfig"; path = "Target Support Files/Pods-Mast/Pods-Mast.debug.xcconfig"; sourceTree = "<group>"; };
		5BEAFB3EAA11416A97855DF0 /* Pods_Mast.framework */ = {isa = PBXFileReference; explicitFileType = wrapper.framework; includeInIndex = 0; path = Pods_Mast.framework; sourceTree = BUILT_PRODUCTS_DIR; };
		867069C523A7C06EBBAB0C75 /* Pods-Mast.release.xcconfig */ = {isa = PBXFileReference; includeInIndex = 1; lastKnownFileType = text.xcconfig; name = "Pods-Mast.release.xcconfig"; path = "Target Support Files/Pods-Mast/Pods-Mast.release.xcconfig"; sourceTree = "<group>"; };
/* End PBXFileReference section */

/* Begin PBXFrameworksBuildPhase section */
		53449D2A23293E3600A470E2 /* Frameworks */ = {
			isa = PBXFrameworksBuildPhase;
			buildActionMask = 2147483647;
			files = (
				532DF3BC233A555600AA14E8 /* SDWebImage in Frameworks */,
				532DF3BE233A555600AA14E8 /* SDWebImageMapKit in Frameworks */,
				6427A50145F216B989F00A74 /* Pods_Mast.framework in Frameworks */,
			);
			runOnlyForDeploymentPostprocessing = 0;
		};
		53B5F1D8233BC4BA0099B170 /* Frameworks */ = {
			isa = PBXFrameworksBuildPhase;
			buildActionMask = 2147483647;
			files = (
			);
			runOnlyForDeploymentPostprocessing = 0;
		};
/* End PBXFrameworksBuildPhase section */

/* Begin PBXGroup section */
		53449D2423293E3600A470E2 = {
			isa = PBXGroup;
			children = (
				53449D2F23293E3600A470E2 /* Mast */,
				53B5F1DC233BC4BA0099B170 /* Mast Push */,
				53449D2E23293E3600A470E2 /* Products */,
				A9F1E35F02DDE5B7E0BEC433 /* Pods */,
				DFF9E889BA3C59F8B8C4094A /* Frameworks */,
			);
			sourceTree = "<group>";
		};
		53449D2E23293E3600A470E2 /* Products */ = {
			isa = PBXGroup;
			children = (
				53449D2D23293E3600A470E2 /* Mast.app */,
				53B5F1DB233BC4BA0099B170 /* Mast Push.appex */,
			);
			name = Products;
			sourceTree = "<group>";
		};
		53449D2F23293E3600A470E2 /* Mast */ = {
			isa = PBXGroup;
			children = (
				53B5F1F3233BC6230099B170 /* Mast.entitlements */,
				53449D4E23294C0F00A470E2 /* MastodonKit */,
				53449D3023293E3600A470E2 /* AppDelegate.swift */,
				53449D3223293E3600A470E2 /* SceneDelegate.swift */,
				53B5F1FA233BC71C0099B170 /* Mast2-Bridging-Header.h */,
				5379F41A2331237900DC1F33 /* Views */,
				5379F4192331236C00DC1F33 /* Cells */,
				5379F4182331236100DC1F33 /* Other */,
				53449D3623293E3600A470E2 /* Main.storyboard */,
				53449D3923293E3700A470E2 /* Assets.xcassets */,
				53449D3B23293E3700A470E2 /* LaunchScreen.storyboard */,
				53449D3E23293E3700A470E2 /* Info.plist */,
			);
			path = Mast;
			sourceTree = "<group>";
		};
		53449D4E23294C0F00A470E2 /* MastodonKit */ = {
			isa = PBXGroup;
			children = (
				53449D4F23294C0F00A470E2 /* PaginationItem.swift */,
				53449D5023294C0F00A470E2 /* ClientType.swift */,
				53449D5123294C0F00A470E2 /* Parameter.swift */,
				53449D5223294C0F00A470E2 /* Functions.swift */,
				53449D5323294C0F00A470E2 /* Result.swift */,
				53449D5423294C0F00A470E2 /* Foundation */,
				53449D5D23294C0F00A470E2 /* Models */,
				53449D7D23294C0F00A470E2 /* HTTPMethod.swift */,
				53449D7E23294C0F00A470E2 /* Requests */,
				53449D9123294C0F00A470E2 /* Pagination.swift */,
				53449D9223294C0F00A470E2 /* Client.swift */,
				53449D9323294C0F00A470E2 /* Request.swift */,
				53449D9423294C0F00A470E2 /* RequestRange.swift */,
				53449D9523294C0F00A470E2 /* ClientError.swift */,
				53449D9623294C0F00A470E2 /* Payload.swift */,
				53449D9723294C0F00A470E2 /* MediaAttachment.swift */,
			);
			path = MastodonKit;
			sourceTree = "<group>";
		};
		53449D5423294C0F00A470E2 /* Foundation */ = {
			isa = PBXGroup;
			children = (
				53449D5523294C0F00A470E2 /* URLComponents.swift */,
				53449D5623294C0F00A470E2 /* CharacterSet.swift */,
				53449D5723294C0F00A470E2 /* URLRequest.swift */,
				53449D5823294C0F00A470E2 /* Data.swift */,
				53449D5923294C0F00A470E2 /* Decodable.swift */,
				53449D5A23294C0F00A470E2 /* String.swift */,
				53449D5B23294C0F00A470E2 /* DateFormatter.swift */,
				53449D5C23294C0F00A470E2 /* HTTPURLResponse.swift */,
			);
			path = Foundation;
			sourceTree = "<group>";
		};
		53449D5D23294C0F00A470E2 /* Models */ = {
			isa = PBXGroup;
			children = (
				53449D5E23294C0F00A470E2 /* Report.swift */,
				53449D5F23294C0F00A470E2 /* Mention.swift */,
				53449D6023294C0F00A470E2 /* AttachmentType.swift */,
				53449D6123294C0F00A470E2 /* Conversation.swift */,
				53449D6223294C0F00A470E2 /* Visibility.swift */,
				53449D6323294C0F00A470E2 /* ScheduledStatus.swift */,
				53449D6423294C0F00A470E2 /* Attachment.swift */,
				53449D6523294C0F00A470E2 /* Poll.swift */,
				53449D6623294C0F00A470E2 /* Empty.swift */,
				53449D6723294C0F00A470E2 /* ClientApplication.swift */,
				53449D6823294C0F00A470E2 /* Card.swift */,
				53449D6923294C0F00A470E2 /* CardType.swift */,
				53449D6A23294C0F00A470E2 /* LoginSettings.swift */,
				53449D6B23294C0F00A470E2 /* AccessScope.swift */,
				53449D6C23294C0F00A470E2 /* Joke.swift */,
				53449D6D23294C0F00A470E2 /* Results.swift */,
				53449D6E23294C0F00A470E2 /* List.swift */,
				53449D6F23294C0F00A470E2 /* Context.swift */,
				53449D7023294C0F00A470E2 /* Instance.swift */,
				53449D7123294C0F00A470E2 /* Relationship.swift */,
				53449D7223294C0F00A470E2 /* Notification.swift */,
				53449D7323294C0F00A470E2 /* Application.swift */,
				53449D7423294C0F00A470E2 /* StatusPara.swift */,
				53449D7523294C0F00A470E2 /* Status.swift */,
				53449D7623294C0F00A470E2 /* HashType.swift */,
				53449D7723294C0F00A470E2 /* Emoji.swift */,
				53449D7823294C0F00A470E2 /* Tag.swift */,
				53449D7923294C0F00A470E2 /* Filters.swift */,
				53449D7A23294C0F00A470E2 /* Account.swift */,
				53449D7B23294C0F00A470E2 /* NotificationType.swift */,
				53449D7C23294C0F00A470E2 /* RequestError.swift */,
			);
			path = Models;
			sourceTree = "<group>";
		};
		53449D7E23294C0F00A470E2 /* Requests */ = {
			isa = PBXGroup;
			children = (
				53449D7F23294C0F00A470E2 /* Mutes.swift */,
				53449D8023294C0F00A470E2 /* Instances.swift */,
				53449D8123294C0F00A470E2 /* Statuses.swift */,
				53449D8223294C0F00A470E2 /* FollowRequests.swift */,
				53449D8323294C0F00A470E2 /* Login.swift */,
				53449D8423294C0F00A470E2 /* Polls.swift */,
				53449D8523294C0F00A470E2 /* Favourites.swift */,
				53449D8623294C0F00A470E2 /* Blocks.swift */,
				53449D8723294C0F00A470E2 /* Notifications.swift */,
				53449D8823294C0F00A470E2 /* FilterToots.swift */,
				53449D8923294C0F00A470E2 /* Media.swift */,
				53449D8A23294C0F00A470E2 /* Accounts.swift */,
				53449D8B23294C0F00A470E2 /* Lists.swift */,
				53449D8C23294C0F00A470E2 /* Reports.swift */,
				53449D8D23294C0F00A470E2 /* Clients.swift */,
				53449D8E23294C0F00A470E2 /* DomainBlocks.swift */,
				53449D8F23294C0F00A470E2 /* Search.swift */,
				53449D9023294C0F00A470E2 /* Timelines.swift */,
			);
			path = Requests;
			sourceTree = "<group>";
		};
		5379F4182331236100DC1F33 /* Other */ = {
			isa = PBXGroup;
			children = (
				53B5F1E7233BC5600099B170 /* push */,
				53449DDE23294E4900A470E2 /* GlobalStruct.swift */,
				5379F4122331122100DC1F33 /* Spring.swift */,
				5379F41423311A5700DC1F33 /* StripHTML.swift */,
				5379F427233271D800DC1F33 /* Date.swift */,
				5379F42F2333C3B500DC1F33 /* ColumnFlowLayout.swift */,
			);
			path = Other;
			sourceTree = "<group>";
		};
		5379F4192331236C00DC1F33 /* Cells */ = {
			isa = PBXGroup;
			children = (
				5379F4102331115B00DC1F33 /* TootCell.swift */,
				5344C0B9233790AC00EB3363 /* TootImageCell.swift */,
				5379F41F2332346700DC1F33 /* DetailCell.swift */,
				5344C0BD23379A4300EB3363 /* DetailImageCell.swift */,
				5379F4212332349500DC1F33 /* DetailActionsCell.swift */,
				5379F42323323D3100DC1F33 /* NotificationsCell.swift */,
				5344C0BB2337966F00EB3363 /* NotificationsImageCell.swift */,
				5379F42523323F8C00DC1F33 /* DirectCell.swift */,
				5379F42D2333AD6400DC1F33 /* ProfileCell.swift */,
				5344C0BF2337AA9500EB3363 /* OtherProfileCell.swift */,
				5379F4312333C3F800DC1F33 /* ProfileImageCell.swift */,
				5379F4332333C4AB00DC1F33 /* CollectionImageCell.swift */,
				532DF3BF233A71D900AA14E8 /* ComposeImageCell.swift */,
				5379F4352334CAE800DC1F33 /* ListCell.swift */,
			);
			path = Cells;
			sourceTree = "<group>";
		};
		5379F41A2331237900DC1F33 /* Views */ = {
			isa = PBXGroup;
			children = (
				53449D3423293E3600A470E2 /* ViewController.swift */,
				53B5F203233E63C80099B170 /* ColumnViewController.swift */,
				53B5F201233E63540099B170 /* VerticalTabBarController.swift */,
				53B5F1FF233E63360099B170 /* ScrollMainViewController.swift */,
				53449D4423293EF900A470E2 /* FirstViewController.swift */,
				53449D4623293F1C00A470E2 /* SecondViewController.swift */,
				5379F42B2333751C00DC1F33 /* ThirdViewController.swift */,
				53449D4823293F2F00A470E2 /* FourthViewController.swift */,
				53449D4A23293F4100A470E2 /* FifthViewController.swift */,
				5379F41623311BDC00DC1F33 /* DetailViewController.swift */,
				5379F41B23313B1700DC1F33 /* SettingsViewController.swift */,
				5379F41D23313CAA00DC1F33 /* TootViewController.swift */,
				53B5F1FB233CED000099B170 /* DMViewController.swift */,
			);
			path = Views;
			sourceTree = "<group>";
		};
		53B5F1DC233BC4BA0099B170 /* Mast Push */ = {
			isa = PBXGroup;
			children = (
				53B5F1F4233BC6900099B170 /* Mast Push-Bridging-Header.h */,
				53B5F1F2233BC60C0099B170 /* Mast Push.entitlements */,
				53B5F1DD233BC4BA0099B170 /* NotificationService.swift */,
				53B5F1DF233BC4BA0099B170 /* Info.plist */,
			);
			path = "Mast Push";
			sourceTree = "<group>";
		};
		53B5F1E7233BC5600099B170 /* push */ = {
			isa = PBXGroup;
			children = (
				53B5F1E8233BC5600099B170 /* SwiftGCM.swift */,
				53B5F1E9233BC5600099B170 /* DecryptNotification.swift */,
				53B5F1EA233BC5600099B170 /* PushNotificationReceiver.swift */,
				53B5F1EB233BC5600099B170 /* PushNotificationDataObjects.swift */,
				53B5F1EC233BC5600099B170 /* Decode85.swift */,
			);
			path = push;
			sourceTree = "<group>";
		};
		A9F1E35F02DDE5B7E0BEC433 /* Pods */ = {
			isa = PBXGroup;
			children = (
				550A06FB5FDD759C102FAE53 /* Pods-Mast.debug.xcconfig */,
				867069C523A7C06EBBAB0C75 /* Pods-Mast.release.xcconfig */,
			);
			path = Pods;
			sourceTree = "<group>";
		};
		DFF9E889BA3C59F8B8C4094A /* Frameworks */ = {
			isa = PBXGroup;
			children = (
				5BEAFB3EAA11416A97855DF0 /* Pods_Mast.framework */,
			);
			name = Frameworks;
			sourceTree = "<group>";
		};
/* End PBXGroup section */

/* Begin PBXNativeTarget section */
		53449D2C23293E3600A470E2 /* Mast */ = {
			isa = PBXNativeTarget;
			buildConfigurationList = 53449D4123293E3700A470E2 /* Build configuration list for PBXNativeTarget "Mast" */;
			buildPhases = (
				1F85D6E0455925366671FE54 /* [CP] Check Pods Manifest.lock */,
				53449D2923293E3600A470E2 /* Sources */,
				53449D2A23293E3600A470E2 /* Frameworks */,
				53449D2B23293E3600A470E2 /* Resources */,
				D157533346C2D124E057F8B9 /* [CP] Embed Pods Frameworks */,
				53B5F1E3233BC4BA0099B170 /* Embed App Extensions */,
			);
			buildRules = (
			);
			dependencies = (
				53B5F1E1233BC4BA0099B170 /* PBXTargetDependency */,
			);
			name = Mast;
			packageProductDependencies = (
				532DF3BB233A555600AA14E8 /* SDWebImage */,
				532DF3BD233A555600AA14E8 /* SDWebImageMapKit */,
			);
			productName = Mast;
			productReference = 53449D2D23293E3600A470E2 /* Mast.app */;
			productType = "com.apple.product-type.application";
		};
		53B5F1DA233BC4BA0099B170 /* Mast Push */ = {
			isa = PBXNativeTarget;
			buildConfigurationList = 53B5F1E6233BC4BA0099B170 /* Build configuration list for PBXNativeTarget "Mast Push" */;
			buildPhases = (
				53B5F1D7233BC4BA0099B170 /* Sources */,
				53B5F1D8233BC4BA0099B170 /* Frameworks */,
				53B5F1D9233BC4BA0099B170 /* Resources */,
			);
			buildRules = (
			);
			dependencies = (
			);
			name = "Mast Push";
			productName = "Mast Push";
			productReference = 53B5F1DB233BC4BA0099B170 /* Mast Push.appex */;
			productType = "com.apple.product-type.app-extension";
		};
/* End PBXNativeTarget section */

/* Begin PBXProject section */
		53449D2523293E3600A470E2 /* Project object */ = {
			isa = PBXProject;
			attributes = {
				LastSwiftUpdateCheck = 1110;
				LastUpgradeCheck = 1100;
				ORGANIZATIONNAME = "Shihab Mehboob";
				TargetAttributes = {
					53449D2C23293E3600A470E2 = {
						CreatedOnToolsVersion = 11.0;
					};
					53B5F1DA233BC4BA0099B170 = {
						CreatedOnToolsVersion = 11.1;
					};
				};
			};
			buildConfigurationList = 53449D2823293E3600A470E2 /* Build configuration list for PBXProject "Mast" */;
			compatibilityVersion = "Xcode 9.3";
			developmentRegion = en;
			hasScannedForEncodings = 0;
			knownRegions = (
				en,
				Base,
			);
			mainGroup = 53449D2423293E3600A470E2;
			packageReferences = (
				532DF3BA233A555600AA14E8 /* XCRemoteSwiftPackageReference "SDWebImage" */,
			);
			productRefGroup = 53449D2E23293E3600A470E2 /* Products */;
			projectDirPath = "";
			projectRoot = "";
			targets = (
				53449D2C23293E3600A470E2 /* Mast */,
				53B5F1DA233BC4BA0099B170 /* Mast Push */,
			);
		};
/* End PBXProject section */

/* Begin PBXResourcesBuildPhase section */
		53449D2B23293E3600A470E2 /* Resources */ = {
			isa = PBXResourcesBuildPhase;
			buildActionMask = 2147483647;
			files = (
				53449D3D23293E3700A470E2 /* LaunchScreen.storyboard in Resources */,
				53449D3A23293E3700A470E2 /* Assets.xcassets in Resources */,
				53449D3823293E3600A470E2 /* Main.storyboard in Resources */,
			);
			runOnlyForDeploymentPostprocessing = 0;
		};
		53B5F1D9233BC4BA0099B170 /* Resources */ = {
			isa = PBXResourcesBuildPhase;
			buildActionMask = 2147483647;
			files = (
			);
			runOnlyForDeploymentPostprocessing = 0;
		};
/* End PBXResourcesBuildPhase section */

/* Begin PBXShellScriptBuildPhase section */
		1F85D6E0455925366671FE54 /* [CP] Check Pods Manifest.lock */ = {
			isa = PBXShellScriptBuildPhase;
			buildActionMask = 2147483647;
			files = (
			);
			inputFileListPaths = (
			);
			inputPaths = (
				"${PODS_PODFILE_DIR_PATH}/Podfile.lock",
				"${PODS_ROOT}/Manifest.lock",
			);
			name = "[CP] Check Pods Manifest.lock";
			outputFileListPaths = (
			);
			outputPaths = (
				"$(DERIVED_FILE_DIR)/Pods-Mast-checkManifestLockResult.txt",
			);
			runOnlyForDeploymentPostprocessing = 0;
			shellPath = /bin/sh;
			shellScript = "diff \"${PODS_PODFILE_DIR_PATH}/Podfile.lock\" \"${PODS_ROOT}/Manifest.lock\" > /dev/null\nif [ $? != 0 ] ; then\n    # print error to STDERR\n    echo \"error: The sandbox is not in sync with the Podfile.lock. Run 'pod install' or update your CocoaPods installation.\" >&2\n    exit 1\nfi\n# This output is used by Xcode 'outputs' to avoid re-running this script phase.\necho \"SUCCESS\" > \"${SCRIPT_OUTPUT_FILE_0}\"\n";
			showEnvVarsInLog = 0;
		};
		D157533346C2D124E057F8B9 /* [CP] Embed Pods Frameworks */ = {
			isa = PBXShellScriptBuildPhase;
			buildActionMask = 2147483647;
			files = (
			);
			inputFileListPaths = (
				"${PODS_ROOT}/Target Support Files/Pods-Mast/Pods-Mast-frameworks-${CONFIGURATION}-input-files.xcfilelist",
			);
			name = "[CP] Embed Pods Frameworks";
			outputFileListPaths = (
				"${PODS_ROOT}/Target Support Files/Pods-Mast/Pods-Mast-frameworks-${CONFIGURATION}-output-files.xcfilelist",
			);
			runOnlyForDeploymentPostprocessing = 0;
			shellPath = /bin/sh;
			shellScript = "\"${PODS_ROOT}/Target Support Files/Pods-Mast/Pods-Mast-frameworks.sh\"\n";
			showEnvVarsInLog = 0;
		};
/* End PBXShellScriptBuildPhase section */

/* Begin PBXSourcesBuildPhase section */
		53449D2923293E3600A470E2 /* Sources */ = {
			isa = PBXSourcesBuildPhase;
			buildActionMask = 2147483647;
			files = (
				53449DA823294C1000A470E2 /* Conversation.swift in Sources */,
				53449DB123294C1000A470E2 /* LoginSettings.swift in Sources */,
				53449DAE23294C1000A470E2 /* ClientApplication.swift in Sources */,
				53449D9823294C1000A470E2 /* PaginationItem.swift in Sources */,
				53449DA723294C1000A470E2 /* AttachmentType.swift in Sources */,
				53449DD223294C1000A470E2 /* Reports.swift in Sources */,
				53449DB623294C1000A470E2 /* Context.swift in Sources */,
				53449D9A23294C1000A470E2 /* Parameter.swift in Sources */,
				53B5F200233E63370099B170 /* ScrollMainViewController.swift in Sources */,
				53B5F1EE233BC5600099B170 /* DecryptNotification.swift in Sources */,
				53449DB423294C1000A470E2 /* Results.swift in Sources */,
				53B5F202233E63540099B170 /* VerticalTabBarController.swift in Sources */,
				53449DD323294C1000A470E2 /* Clients.swift in Sources */,
				53449DB323294C1000A470E2 /* Joke.swift in Sources */,
				53449DDA23294C1000A470E2 /* RequestRange.swift in Sources */,
				53449DB023294C1000A470E2 /* CardType.swift in Sources */,
				5379F42E2333AD6400DC1F33 /* ProfileCell.swift in Sources */,
				5344C0BC2337966F00EB3363 /* NotificationsImageCell.swift in Sources */,
				53449DA523294C1000A470E2 /* Report.swift in Sources */,
				53449DA923294C1000A470E2 /* Visibility.swift in Sources */,
				53449DDB23294C1000A470E2 /* ClientError.swift in Sources */,
				53449DA423294C1000A470E2 /* HTTPURLResponse.swift in Sources */,
				53449DD523294C1000A470E2 /* Search.swift in Sources */,
				53B5F1FC233CED000099B170 /* DMViewController.swift in Sources */,
				53449DAF23294C1000A470E2 /* Card.swift in Sources */,
				53449DD923294C1000A470E2 /* Request.swift in Sources */,
				5379F41E23313CAA00DC1F33 /* TootViewController.swift in Sources */,
				5379F428233271D800DC1F33 /* Date.swift in Sources */,
				5344C0BA233790AC00EB3363 /* TootImageCell.swift in Sources */,
				5379F4362334CAE800DC1F33 /* ListCell.swift in Sources */,
				53B5F204233E63C80099B170 /* ColumnViewController.swift in Sources */,
				53449DC223294C1000A470E2 /* NotificationType.swift in Sources */,
				53449D3523293E3600A470E2 /* ViewController.swift in Sources */,
				5379F4302333C3B500DC1F33 /* ColumnFlowLayout.swift in Sources */,
				53449DBC23294C1000A470E2 /* Status.swift in Sources */,
				5379F4222332349500DC1F33 /* DetailActionsCell.swift in Sources */,
				53449DBF23294C1000A470E2 /* Tag.swift in Sources */,
				53449DB823294C1000A470E2 /* Relationship.swift in Sources */,
				53449D3123293E3600A470E2 /* AppDelegate.swift in Sources */,
				5379F4132331122100DC1F33 /* Spring.swift in Sources */,
				53449D9E23294C1000A470E2 /* CharacterSet.swift in Sources */,
				53B5F1EF233BC5600099B170 /* PushNotificationReceiver.swift in Sources */,
				53449DCB23294C1000A470E2 /* Favourites.swift in Sources */,
				53449DAB23294C1000A470E2 /* Attachment.swift in Sources */,
				532DF3C0233A71D900AA14E8 /* ComposeImageCell.swift in Sources */,
				5379F4322333C3F800DC1F33 /* ProfileImageCell.swift in Sources */,
				53449DCF23294C1000A470E2 /* Media.swift in Sources */,
				53449DC823294C1000A470E2 /* FollowRequests.swift in Sources */,
				53449DA323294C1000A470E2 /* DateFormatter.swift in Sources */,
				53449D9D23294C1000A470E2 /* URLComponents.swift in Sources */,
				53449D9B23294C1000A470E2 /* Functions.swift in Sources */,
				53B5F1F1233BC5600099B170 /* Decode85.swift in Sources */,
				5379F4112331115B00DC1F33 /* TootCell.swift in Sources */,
				53449DCE23294C1000A470E2 /* FilterToots.swift in Sources */,
				53449D9923294C1000A470E2 /* ClientType.swift in Sources */,
				53449DDD23294C1000A470E2 /* MediaAttachment.swift in Sources */,
				53449DDF23294E4900A470E2 /* GlobalStruct.swift in Sources */,
				53B5F1ED233BC5600099B170 /* SwiftGCM.swift in Sources */,
				53449D9C23294C1000A470E2 /* Result.swift in Sources */,
				53449DD123294C1000A470E2 /* Lists.swift in Sources */,
				53449DC723294C1000A470E2 /* Statuses.swift in Sources */,
				53449D9F23294C1000A470E2 /* URLRequest.swift in Sources */,
				53449DC123294C1000A470E2 /* Account.swift in Sources */,
				53449D3323293E3600A470E2 /* SceneDelegate.swift in Sources */,
				53449DBB23294C1000A470E2 /* StatusPara.swift in Sources */,
				53449DD423294C1000A470E2 /* DomainBlocks.swift in Sources */,
				5379F41523311A5700DC1F33 /* StripHTML.swift in Sources */,
				53449D4B23293F4100A470E2 /* FifthViewController.swift in Sources */,
				53449DC323294C1000A470E2 /* RequestError.swift in Sources */,
				5379F41723311BDC00DC1F33 /* DetailViewController.swift in Sources */,
				5379F42623323F8C00DC1F33 /* DirectCell.swift in Sources */,
				5344C0C02337AA9500EB3363 /* OtherProfileCell.swift in Sources */,
				53449DA223294C1000A470E2 /* String.swift in Sources */,
				53449DD623294C1000A470E2 /* Timelines.swift in Sources */,
				53449DAA23294C1000A470E2 /* ScheduledStatus.swift in Sources */,
				53449DA123294C1000A470E2 /* Decodable.swift in Sources */,
				5344C0BE23379A4400EB3363 /* DetailImageCell.swift in Sources */,
				5379F41C23313B1700DC1F33 /* SettingsViewController.swift in Sources */,
				53449DD023294C1000A470E2 /* Accounts.swift in Sources */,
				53449DC423294C1000A470E2 /* HTTPMethod.swift in Sources */,
				53449DC023294C1000A470E2 /* Filters.swift in Sources */,
				53449DB223294C1000A470E2 /* AccessScope.swift in Sources */,
				53449DAD23294C1000A470E2 /* Empty.swift in Sources */,
				53449D4723293F1C00A470E2 /* SecondViewController.swift in Sources */,
				53449DB923294C1000A470E2 /* Notification.swift in Sources */,
				53449DC523294C1000A470E2 /* Mutes.swift in Sources */,
				5379F42423323D3100DC1F33 /* NotificationsCell.swift in Sources */,
				53449DDC23294C1000A470E2 /* Payload.swift in Sources */,
				53449DA623294C1000A470E2 /* Mention.swift in Sources */,
				53449DAC23294C1000A470E2 /* Poll.swift in Sources */,
				53449DBE23294C1000A470E2 /* Emoji.swift in Sources */,
				53449DD723294C1000A470E2 /* Pagination.swift in Sources */,
				53449DBA23294C1000A470E2 /* Application.swift in Sources */,
				5379F4342333C4AC00DC1F33 /* CollectionImageCell.swift in Sources */,
				53449D4923293F2F00A470E2 /* FourthViewController.swift in Sources */,
				53449DCD23294C1000A470E2 /* Notifications.swift in Sources */,
				53449DD823294C1000A470E2 /* Client.swift in Sources */,
				53449D4523293EF900A470E2 /* FirstViewController.swift in Sources */,
				53449DC923294C1000A470E2 /* Login.swift in Sources */,
				53449DA023294C1000A470E2 /* Data.swift in Sources */,
				5379F42C2333751C00DC1F33 /* ThirdViewController.swift in Sources */,
				53449DC623294C1000A470E2 /* Instances.swift in Sources */,
				53449DB723294C1000A470E2 /* Instance.swift in Sources */,
				5379F4202332346700DC1F33 /* DetailCell.swift in Sources */,
				53449DBD23294C1000A470E2 /* HashType.swift in Sources */,
				53449DCC23294C1000A470E2 /* Blocks.swift in Sources */,
				53B5F1F0233BC5600099B170 /* PushNotificationDataObjects.swift in Sources */,
				53449DCA23294C1000A470E2 /* Polls.swift in Sources */,
				53449DB523294C1000A470E2 /* List.swift in Sources */,
			);
			runOnlyForDeploymentPostprocessing = 0;
		};
		53B5F1D7233BC4BA0099B170 /* Sources */ = {
			isa = PBXSourcesBuildPhase;
			buildActionMask = 2147483647;
			files = (
				53B5F1DE233BC4BA0099B170 /* NotificationService.swift in Sources */,
				53B5F1F7233BC6BE0099B170 /* PushNotificationReceiver.swift in Sources */,
				53B5F1F9233BC6C20099B170 /* Decode85.swift in Sources */,
				53B5F1F5233BC6B90099B170 /* SwiftGCM.swift in Sources */,
				53B5F1F8233BC6C00099B170 /* PushNotificationDataObjects.swift in Sources */,
				53B5F1F6233BC6BB0099B170 /* DecryptNotification.swift in Sources */,
			);
			runOnlyForDeploymentPostprocessing = 0;
		};
/* End PBXSourcesBuildPhase section */

/* Begin PBXTargetDependency section */
		53B5F1E1233BC4BA0099B170 /* PBXTargetDependency */ = {
			isa = PBXTargetDependency;
			target = 53B5F1DA233BC4BA0099B170 /* Mast Push */;
			targetProxy = 53B5F1E0233BC4BA0099B170 /* PBXContainerItemProxy */;
		};
/* End PBXTargetDependency section */

/* Begin PBXVariantGroup section */
		53449D3623293E3600A470E2 /* Main.storyboard */ = {
			isa = PBXVariantGroup;
			children = (
				53449D3723293E3600A470E2 /* Base */,
			);
			name = Main.storyboard;
			sourceTree = "<group>";
		};
		53449D3B23293E3700A470E2 /* LaunchScreen.storyboard */ = {
			isa = PBXVariantGroup;
			children = (
				53449D3C23293E3700A470E2 /* Base */,
			);
			name = LaunchScreen.storyboard;
			sourceTree = "<group>";
		};
/* End PBXVariantGroup section */

/* Begin XCBuildConfiguration section */
		53449D3F23293E3700A470E2 /* Debug */ = {
			isa = XCBuildConfiguration;
			buildSettings = {
				ALWAYS_SEARCH_USER_PATHS = NO;
				CLANG_ANALYZER_NONNULL = YES;
				CLANG_ANALYZER_NUMBER_OBJECT_CONVERSION = YES_AGGRESSIVE;
				CLANG_CXX_LANGUAGE_STANDARD = "gnu++14";
				CLANG_CXX_LIBRARY = "libc++";
				CLANG_ENABLE_MODULES = YES;
				CLANG_ENABLE_OBJC_ARC = YES;
				CLANG_ENABLE_OBJC_WEAK = YES;
				CLANG_WARN_BLOCK_CAPTURE_AUTORELEASING = YES;
				CLANG_WARN_BOOL_CONVERSION = YES;
				CLANG_WARN_COMMA = YES;
				CLANG_WARN_CONSTANT_CONVERSION = YES;
				CLANG_WARN_DEPRECATED_OBJC_IMPLEMENTATIONS = YES;
				CLANG_WARN_DIRECT_OBJC_ISA_USAGE = YES_ERROR;
				CLANG_WARN_DOCUMENTATION_COMMENTS = YES;
				CLANG_WARN_EMPTY_BODY = YES;
				CLANG_WARN_ENUM_CONVERSION = YES;
				CLANG_WARN_INFINITE_RECURSION = YES;
				CLANG_WARN_INT_CONVERSION = YES;
				CLANG_WARN_NON_LITERAL_NULL_CONVERSION = YES;
				CLANG_WARN_OBJC_IMPLICIT_RETAIN_SELF = YES;
				CLANG_WARN_OBJC_LITERAL_CONVERSION = YES;
				CLANG_WARN_OBJC_ROOT_CLASS = YES_ERROR;
				CLANG_WARN_RANGE_LOOP_ANALYSIS = YES;
				CLANG_WARN_STRICT_PROTOTYPES = YES;
				CLANG_WARN_SUSPICIOUS_MOVE = YES;
				CLANG_WARN_UNGUARDED_AVAILABILITY = YES_AGGRESSIVE;
				CLANG_WARN_UNREACHABLE_CODE = YES;
				CLANG_WARN__DUPLICATE_METHOD_MATCH = YES;
				COPY_PHASE_STRIP = NO;
				DEBUG_INFORMATION_FORMAT = dwarf;
				ENABLE_STRICT_OBJC_MSGSEND = YES;
				ENABLE_TESTABILITY = YES;
				GCC_C_LANGUAGE_STANDARD = gnu11;
				GCC_DYNAMIC_NO_PIC = NO;
				GCC_NO_COMMON_BLOCKS = YES;
				GCC_OPTIMIZATION_LEVEL = 0;
				GCC_PREPROCESSOR_DEFINITIONS = (
					"DEBUG=1",
					"$(inherited)",
				);
				GCC_WARN_64_TO_32_BIT_CONVERSION = YES;
				GCC_WARN_ABOUT_RETURN_TYPE = YES_ERROR;
				GCC_WARN_UNDECLARED_SELECTOR = YES;
				GCC_WARN_UNINITIALIZED_AUTOS = YES_AGGRESSIVE;
				GCC_WARN_UNUSED_FUNCTION = YES;
				GCC_WARN_UNUSED_VARIABLE = YES;
				IPHONEOS_DEPLOYMENT_TARGET = 13.0;
				MTL_ENABLE_DEBUG_INFO = INCLUDE_SOURCE;
				MTL_FAST_MATH = YES;
				ONLY_ACTIVE_ARCH = YES;
				SDKROOT = iphoneos;
				SWIFT_ACTIVE_COMPILATION_CONDITIONS = DEBUG;
				SWIFT_OPTIMIZATION_LEVEL = "-Onone";
			};
			name = Debug;
		};
		53449D4023293E3700A470E2 /* Release */ = {
			isa = XCBuildConfiguration;
			buildSettings = {
				ALWAYS_SEARCH_USER_PATHS = NO;
				CLANG_ANALYZER_NONNULL = YES;
				CLANG_ANALYZER_NUMBER_OBJECT_CONVERSION = YES_AGGRESSIVE;
				CLANG_CXX_LANGUAGE_STANDARD = "gnu++14";
				CLANG_CXX_LIBRARY = "libc++";
				CLANG_ENABLE_MODULES = YES;
				CLANG_ENABLE_OBJC_ARC = YES;
				CLANG_ENABLE_OBJC_WEAK = YES;
				CLANG_WARN_BLOCK_CAPTURE_AUTORELEASING = YES;
				CLANG_WARN_BOOL_CONVERSION = YES;
				CLANG_WARN_COMMA = YES;
				CLANG_WARN_CONSTANT_CONVERSION = YES;
				CLANG_WARN_DEPRECATED_OBJC_IMPLEMENTATIONS = YES;
				CLANG_WARN_DIRECT_OBJC_ISA_USAGE = YES_ERROR;
				CLANG_WARN_DOCUMENTATION_COMMENTS = YES;
				CLANG_WARN_EMPTY_BODY = YES;
				CLANG_WARN_ENUM_CONVERSION = YES;
				CLANG_WARN_INFINITE_RECURSION = YES;
				CLANG_WARN_INT_CONVERSION = YES;
				CLANG_WARN_NON_LITERAL_NULL_CONVERSION = YES;
				CLANG_WARN_OBJC_IMPLICIT_RETAIN_SELF = YES;
				CLANG_WARN_OBJC_LITERAL_CONVERSION = YES;
				CLANG_WARN_OBJC_ROOT_CLASS = YES_ERROR;
				CLANG_WARN_RANGE_LOOP_ANALYSIS = YES;
				CLANG_WARN_STRICT_PROTOTYPES = YES;
				CLANG_WARN_SUSPICIOUS_MOVE = YES;
				CLANG_WARN_UNGUARDED_AVAILABILITY = YES_AGGRESSIVE;
				CLANG_WARN_UNREACHABLE_CODE = YES;
				CLANG_WARN__DUPLICATE_METHOD_MATCH = YES;
				COPY_PHASE_STRIP = NO;
				DEBUG_INFORMATION_FORMAT = "dwarf-with-dsym";
				ENABLE_NS_ASSERTIONS = NO;
				ENABLE_STRICT_OBJC_MSGSEND = YES;
				GCC_C_LANGUAGE_STANDARD = gnu11;
				GCC_NO_COMMON_BLOCKS = YES;
				GCC_WARN_64_TO_32_BIT_CONVERSION = YES;
				GCC_WARN_ABOUT_RETURN_TYPE = YES_ERROR;
				GCC_WARN_UNDECLARED_SELECTOR = YES;
				GCC_WARN_UNINITIALIZED_AUTOS = YES_AGGRESSIVE;
				GCC_WARN_UNUSED_FUNCTION = YES;
				GCC_WARN_UNUSED_VARIABLE = YES;
				IPHONEOS_DEPLOYMENT_TARGET = 13.0;
				MTL_ENABLE_DEBUG_INFO = NO;
				MTL_FAST_MATH = YES;
				SDKROOT = iphoneos;
				SWIFT_COMPILATION_MODE = wholemodule;
				SWIFT_OPTIMIZATION_LEVEL = "-O";
				VALIDATE_PRODUCT = YES;
			};
			name = Release;
		};
		53449D4223293E3700A470E2 /* Debug */ = {
			isa = XCBuildConfiguration;
			baseConfigurationReference = 550A06FB5FDD759C102FAE53 /* Pods-Mast.debug.xcconfig */;
			buildSettings = {
				ALWAYS_EMBED_SWIFT_STANDARD_LIBRARIES = YES;
				ASSETCATALOG_COMPILER_APPICON_NAME = AppIcon;
				CODE_SIGN_ENTITLEMENTS = Mast/Mast.entitlements;
				CODE_SIGN_STYLE = Automatic;
				CURRENT_PROJECT_VERSION = 1.0.3;
				DEVELOPMENT_TEAM = R5WHJ77XXD;
				INFOPLIST_FILE = Mast/Info.plist;
				LD_RUNPATH_SEARCH_PATHS = (
					"$(inherited)",
					"@executable_path/Frameworks",
				);
				PRODUCT_BUNDLE_IDENTIFIER = com.shi.Mast2;
				PRODUCT_NAME = "$(TARGET_NAME)";
				SWIFT_OBJC_BRIDGING_HEADER = "Mast/Mast2-Bridging-Header.h";
				SWIFT_VERSION = 5.0;
				TARGETED_DEVICE_FAMILY = "1,2";
			};
			name = Debug;
		};
		53449D4323293E3700A470E2 /* Release */ = {
			isa = XCBuildConfiguration;
			baseConfigurationReference = 867069C523A7C06EBBAB0C75 /* Pods-Mast.release.xcconfig */;
			buildSettings = {
				ALWAYS_EMBED_SWIFT_STANDARD_LIBRARIES = YES;
				ASSETCATALOG_COMPILER_APPICON_NAME = AppIcon;
				CODE_SIGN_ENTITLEMENTS = Mast/Mast.entitlements;
				CODE_SIGN_STYLE = Automatic;
				CURRENT_PROJECT_VERSION = 1.0.3;
				DEVELOPMENT_TEAM = R5WHJ77XXD;
				INFOPLIST_FILE = Mast/Info.plist;
				LD_RUNPATH_SEARCH_PATHS = (
					"$(inherited)",
					"@executable_path/Frameworks",
				);
				PRODUCT_BUNDLE_IDENTIFIER = com.shi.Mast2;
				PRODUCT_NAME = "$(TARGET_NAME)";
				SWIFT_OBJC_BRIDGING_HEADER = "Mast/Mast2-Bridging-Header.h";
				SWIFT_VERSION = 5.0;
				TARGETED_DEVICE_FAMILY = "1,2";
			};
			name = Release;
		};
		53B5F1E4233BC4BA0099B170 /* Debug */ = {
			isa = XCBuildConfiguration;
			buildSettings = {
				CODE_SIGN_ENTITLEMENTS = "Mast Push/Mast Push.entitlements";
				CODE_SIGN_STYLE = Automatic;
				CURRENT_PROJECT_VERSION = 1.0.3;
				DEVELOPMENT_TEAM = R5WHJ77XXD;
				INFOPLIST_FILE = "Mast Push/Info.plist";
				IPHONEOS_DEPLOYMENT_TARGET = 13.1;
				LD_RUNPATH_SEARCH_PATHS = (
					"$(inherited)",
					"@executable_path/Frameworks",
					"@executable_path/../../Frameworks",
				);
				PRODUCT_BUNDLE_IDENTIFIER = "com.shi.Mast2.Mast-Push";
				PRODUCT_NAME = "$(TARGET_NAME)";
				SKIP_INSTALL = YES;
				SWIFT_OBJC_BRIDGING_HEADER = "Mast Push/Mast Push-Bridging-Header.h";
				SWIFT_VERSION = 5.0;
				TARGETED_DEVICE_FAMILY = "1,2";
			};
			name = Debug;
		};
		53B5F1E5233BC4BA0099B170 /* Release */ = {
			isa = XCBuildConfiguration;
			buildSettings = {
				CODE_SIGN_ENTITLEMENTS = "Mast Push/Mast Push.entitlements";
				CODE_SIGN_STYLE = Automatic;
				CURRENT_PROJECT_VERSION = 1.0.3;
				DEVELOPMENT_TEAM = R5WHJ77XXD;
				INFOPLIST_FILE = "Mast Push/Info.plist";
				IPHONEOS_DEPLOYMENT_TARGET = 13.1;
				LD_RUNPATH_SEARCH_PATHS = (
					"$(inherited)",
					"@executable_path/Frameworks",
					"@executable_path/../../Frameworks",
				);
				PRODUCT_BUNDLE_IDENTIFIER = "com.shi.Mast2.Mast-Push";
				PRODUCT_NAME = "$(TARGET_NAME)";
				SKIP_INSTALL = YES;
				SWIFT_OBJC_BRIDGING_HEADER = "Mast Push/Mast Push-Bridging-Header.h";
				SWIFT_VERSION = 5.0;
				TARGETED_DEVICE_FAMILY = "1,2";
			};
			name = Release;
		};
/* End XCBuildConfiguration section */

/* Begin XCConfigurationList section */
		53449D2823293E3600A470E2 /* Build configuration list for PBXProject "Mast" */ = {
			isa = XCConfigurationList;
			buildConfigurations = (
				53449D3F23293E3700A470E2 /* Debug */,
				53449D4023293E3700A470E2 /* Release */,
			);
			defaultConfigurationIsVisible = 0;
			defaultConfigurationName = Release;
		};
		53449D4123293E3700A470E2 /* Build configuration list for PBXNativeTarget "Mast" */ = {
			isa = XCConfigurationList;
			buildConfigurations = (
				53449D4223293E3700A470E2 /* Debug */,
				53449D4323293E3700A470E2 /* Release */,
			);
			defaultConfigurationIsVisible = 0;
			defaultConfigurationName = Release;
		};
		53B5F1E6233BC4BA0099B170 /* Build configuration list for PBXNativeTarget "Mast Push" */ = {
			isa = XCConfigurationList;
			buildConfigurations = (
				53B5F1E4233BC4BA0099B170 /* Debug */,
				53B5F1E5233BC4BA0099B170 /* Release */,
			);
			defaultConfigurationIsVisible = 0;
			defaultConfigurationName = Release;
		};
/* End XCConfigurationList section */

/* Begin XCRemoteSwiftPackageReference section */
		532DF3BA233A555600AA14E8 /* XCRemoteSwiftPackageReference "SDWebImage" */ = {
			isa = XCRemoteSwiftPackageReference;
			repositoryURL = "https://github.com/SDWebImage/SDWebImage";
			requirement = {
				branch = master;
				kind = branch;
			};
		};
/* End XCRemoteSwiftPackageReference section */

/* Begin XCSwiftPackageProductDependency section */
		532DF3BB233A555600AA14E8 /* SDWebImage */ = {
			isa = XCSwiftPackageProductDependency;
			package = 532DF3BA233A555600AA14E8 /* XCRemoteSwiftPackageReference "SDWebImage" */;
			productName = SDWebImage;
		};
		532DF3BD233A555600AA14E8 /* SDWebImageMapKit */ = {
			isa = XCSwiftPackageProductDependency;
			package = 532DF3BA233A555600AA14E8 /* XCRemoteSwiftPackageReference "SDWebImage" */;
			productName = SDWebImageMapKit;
		};
/* End XCSwiftPackageProductDependency section */
	};
	rootObject = 53449D2523293E3600A470E2 /* Project object */;
}
