PODS:
  - ActiveLabel (1.1.0)
  - InputBarAccessoryView (4.2.2)
  - MessageKit (3.0.0):
    - InputBarAccessoryView (~> 4.2.2)
  - SDWebImage (5.3.0):
    - SDWebImage/Core (= 5.3.0)
  - SDWebImage/Core (5.3.0)

DEPENDENCIES:
  - ActiveLabel
  - MessageKit
  - SDWebImage

SPEC REPOS:
  trunk:
    - ActiveLabel
    - InputBarAccessoryView
    - MessageKit
    - SDWebImage

SPEC CHECKSUMS:
  ActiveLabel: 5e3f4de79a1952d4604b845a0610d4776e4b82b3
  InputBarAccessoryView: 2b937602598e2fab3149f37f51dd7ad795653812
  MessageKit: e892a9ca49ebe6d82684d3a93ad84021fa23e2c6
  SDWebImage: f1afa74b86587c2c63f4e80dfd39b21e3c17b45b

PODFILE CHECKSUM: 8a8ed518e4d3ae1f49f2fd13f0f5a382d7170a60

COCOAPODS: 1.8.3
