PODS:
  - GSImageViewerController (1.6.2)
  - InputBarAccessoryView (4.2.2)
  - MessageKit (3.0.0):
    - InputBarAccessoryView (~> 4.2.2)
  - SDWebImage (5.3.0):
    - SDWebImage/Core (= 5.3.0)
  - SDWebImage/Core (5.3.0)

DEPENDENCIES:
  - GSImageViewerController
  - MessageKit
  - SDWebImage

SPEC REPOS:
  trunk:
    - GSImageViewerController
    - InputBarAccessoryView
    - MessageKit
    - SDWebImage

SPEC CHECKSUMS:
  GSImageViewerController: 3b8fb7d2ab7596152329d7910eeb1905b2284cb9
  InputBarAccessoryView: 2b937602598e2fab3149f37f51dd7ad795653812
  MessageKit: e892a9ca49ebe6d82684d3a93ad84021fa23e2c6
  SDWebImage: f1afa74b86587c2c63f4e80dfd39b21e3c17b45b

PODFILE CHECKSUM: c076a810a3070fec116a3b08e389b299eb192a40

COCOAPODS: 1.8.4
