{
  "object": {
    "pins": [
      {
        "package": "SDWebImage",
        "repositoryURL": "https://github.com/SDWebImage/SDWebImage",
        "state": {
          "branch": "master",
          "revision": "20c8adc22d5316745967922223ec53ca062fecd1",
          "version": null
        }
      }
    ]
  },
  "version": 1
}
